
Microsoft Visual Studio Solution File, Format Version 12.00
# Visual Studio Version 17
VisualStudioVersion = 17.4.33205.214
MinimumVisualStudioVersion = 10.0.40219.1
Project("{FAE04EC0-301F-11D3-BF4B-00C04F79EFBC}") = "VehichleUnitTesting", "VehichleUnitTesting\VehichleUnitTesting.csproj", "{8B268A9A-B02C-4A79-9B0D-94592ECDF741}"
EndProject
Project("{FAE04EC0-301F-11D3-BF4B-00C04F79EFBC}") = "UnitTests", "UnitTests\UnitTests.csproj", "{00B9F1F6-F097-4EC3-9622-AE6A8EBC7191}"
EndProject
Global
	GlobalSection(SolutionConfigurationPlatforms) = preSolution
		Debug|Any CPU = Debug|Any CPU
		Release|Any CPU = Release|Any CPU
	EndGlobalSection
	GlobalSection(ProjectConfigurationPlatforms) = postSolution
		{8B268A9A-B02C-4A79-9B0D-94592ECDF741}.Debug|Any CPU.ActiveCfg = Debug|Any CPU
		{8B268A9A-B02C-4A79-9B0D-94592ECDF741}.Debug|Any CPU.Build.0 = Debug|Any CPU
		{8B268A9A-B02C-4A79-9B0D-94592ECDF741}.Release|Any CPU.ActiveCfg = Release|Any CPU
		{8B268A9A-B02C-4A79-9B0D-94592ECDF741}.Release|Any CPU.Build.0 = Release|Any CPU
		{00B9F1F6-F097-4EC3-9622-AE6A8EBC7191}.Debug|Any CPU.ActiveCfg = Debug|Any CPU
		{00B9F1F6-F097-4EC3-9622-AE6A8EBC7191}.Debug|Any CPU.Build.0 = Debug|Any CPU
		{00B9F1F6-F097-4EC3-9622-AE6A8EBC7191}.Release|Any CPU.ActiveCfg = Release|Any CPU
		{00B9F1F6-F097-4EC3-9622-AE6A8EBC7191}.Release|Any CPU.Build.0 = Release|Any CPU
	EndGlobalSection
	GlobalSection(SolutionProperties) = preSolution
		HideSolutionNode = FALSE
	EndGlobalSection
	GlobalSection(ExtensibilityGlobals) = postSolution
		SolutionGuid = {81665956-2B92-47C7-831B-7B3E8EDADE22}
	EndGlobalSection
EndGlobal
